
Microsoft Visual Studio Solution File, Format Version 12.00
# Visual Studio Version 16
VisualStudioVersion = 16.0.29519.181
MinimumVisualStudioVersion = 10.0.40219.1
Project("{FAE04EC0-301F-11D3-BF4B-00C04F79EFBC}") = "golowinsky-mobile", "golowinsky-mobile\golowinsky-mobile.csproj", "{49E401BA-A580-4FBA-9CF1-BD02D53192BC}"
EndProject
Global
	GlobalSection(SolutionConfigurationPlatforms) = preSolution
		Debug|Any CPU = Debug|Any CPU
		Release|Any CPU = Release|Any CPU
	EndGlobalSection
	GlobalSection(ProjectConfigurationPlatforms) = postSolution
		{49E401BA-A580-4FBA-9CF1-BD02D53192BC}.Debug|Any CPU.ActiveCfg = Debug|Any CPU
		{49E401BA-A580-4FBA-9CF1-BD02D53192BC}.Debug|Any CPU.Build.0 = Debug|Any CPU
		{49E401BA-A580-4FBA-9CF1-BD02D53192BC}.Release|Any CPU.ActiveCfg = Release|Any CPU
		{49E401BA-A580-4FBA-9CF1-BD02D53192BC}.Release|Any CPU.Build.0 = Release|Any CPU
	EndGlobalSection
	GlobalSection(SolutionProperties) = preSolution
		HideSolutionNode = FALSE
	EndGlobalSection
	GlobalSection(ExtensibilityGlobals) = postSolution
		SolutionGuid = {1FB243CE-DDED-4123-B3FF-A834686D71E1}
	EndGlobalSection
EndGlobal
